
Microsoft Visual Studio Solution File, Format Version 12.00
# Visual Studio 15
VisualStudioVersion = 15.0.26430.16
MinimumVisualStudioVersion = 10.0.40219.1
Project("{FAE04EC0-301F-11D3-BF4B-00C04F79EFBC}") = "SlothThinking", "SlothThinking\SlothThinking.csproj", "{1E4893A0-4328-4972-83D4-A2A0C524B915}"
EndProject
Project("{FAE04EC0-301F-11D3-BF4B-00C04F79EFBC}") = "SlothThinking.Unit.Tests", "SlothThinking.Unit.Tests\SlothThinking.Unit.Tests.csproj", "{CBDB0B61-A774-4F59-82C2-7BBA430E59BE}"
EndProject
Project("{FAE04EC0-301F-11D3-BF4B-00C04F79EFBC}") = "SlothThinking.WebApp", "SlothThinking.WebApp\SlothThinking.WebApp.csproj", "{18B1D8AE-C152-4BA5-BF78-66074F31D6D3}"
EndProject
Global
	GlobalSection(SolutionConfigurationPlatforms) = preSolution
		Debug|Any CPU = Debug|Any CPU
		Release|Any CPU = Release|Any CPU
	EndGlobalSection
	GlobalSection(ProjectConfigurationPlatforms) = postSolution
		{1E4893A0-4328-4972-83D4-A2A0C524B915}.Debug|Any CPU.ActiveCfg = Debug|Any CPU
		{1E4893A0-4328-4972-83D4-A2A0C524B915}.Debug|Any CPU.Build.0 = Debug|Any CPU
		{1E4893A0-4328-4972-83D4-A2A0C524B915}.Release|Any CPU.ActiveCfg = Release|Any CPU
		{1E4893A0-4328-4972-83D4-A2A0C524B915}.Release|Any CPU.Build.0 = Release|Any CPU
		{CBDB0B61-A774-4F59-82C2-7BBA430E59BE}.Debug|Any CPU.ActiveCfg = Debug|Any CPU
		{CBDB0B61-A774-4F59-82C2-7BBA430E59BE}.Debug|Any CPU.Build.0 = Debug|Any CPU
		{CBDB0B61-A774-4F59-82C2-7BBA430E59BE}.Release|Any CPU.ActiveCfg = Release|Any CPU
		{CBDB0B61-A774-4F59-82C2-7BBA430E59BE}.Release|Any CPU.Build.0 = Release|Any CPU
		{18B1D8AE-C152-4BA5-BF78-66074F31D6D3}.Debug|Any CPU.ActiveCfg = Debug|Any CPU
		{18B1D8AE-C152-4BA5-BF78-66074F31D6D3}.Debug|Any CPU.Build.0 = Debug|Any CPU
		{18B1D8AE-C152-4BA5-BF78-66074F31D6D3}.Release|Any CPU.ActiveCfg = Release|Any CPU
		{18B1D8AE-C152-4BA5-BF78-66074F31D6D3}.Release|Any CPU.Build.0 = Release|Any CPU
	EndGlobalSection
	GlobalSection(SolutionProperties) = preSolution
		HideSolutionNode = FALSE
	EndGlobalSection
EndGlobal
